// !$*UTF8*$!
{
	archiveVersion = 1;
	classes = {
	};
	objectVersion = 46;
	objects = {

/* Begin PBXBuildFile section */
		134D20061E20D9C800E205C3 /* AppDelegate.swift in Sources */ = {isa = PBXBuildFile; fileRef = 134D20051E20D9C800E205C3 /* AppDelegate.swift */; };
		134D20081E20D9C800E205C3 /* ViewController.swift in Sources */ = {isa = PBXBuildFile; fileRef = 134D20071E20D9C800E205C3 /* ViewController.swift */; };
		134D200B1E20D9C900E205C3 /* Main.storyboard in Resources */ = {isa = PBXBuildFile; fileRef = 134D20091E20D9C800E205C3 /* Main.storyboard */; };
		134D200D1E20D9C900E205C3 /* Assets.xcassets in Resources */ = {isa = PBXBuildFile; fileRef = 134D200C1E20D9C900E205C3 /* Assets.xcassets */; };
		134D20101E20D9C900E205C3 /* LaunchScreen.storyboard in Resources */ = {isa = PBXBuildFile; fileRef = 134D200E1E20D9C900E205C3 /* LaunchScreen.storyboard */; };
		13FF1B111E215A4100EA5BB2 /* MBTextFieldPicker.swift in Sources */ = {isa = PBXBuildFile; fileRef = 13FF1B101E215A4100EA5BB2 /* MBTextFieldPicker.swift */; };
/* End PBXBuildFile section */

/* Begin PBXFileReference section */
		134D20021E20D9C800E205C3 /* MBTextFieldPicker.app */ = {isa = PBXFileReference; explicitFileType = wrapper.application; includeInIndex = 0; path = MBTextFieldPicker.app; sourceTree = BUILT_PRODUCTS_DIR; };
		134D20051E20D9C800E205C3 /* AppDelegate.swift */ = {isa = PBXFileReference; lastKnownFileType = sourcecode.swift; path = AppDelegate.swift; sourceTree = "<group>"; };
		134D20071E20D9C800E205C3 /* ViewController.swift */ = {isa = PBXFileReference; lastKnownFileType = sourcecode.swift; path = ViewController.swift; sourceTree = "<group>"; };
		134D200A1E20D9C900E205C3 /* Base */ = {isa = PBXFileReference; lastKnownFileType = file.storyboard; name = Base; path = Base.lproj/Main.storyboard; sourceTree = "<group>"; };
		134D200C1E20D9C900E205C3 /* Assets.xcassets */ = {isa = PBXFileReference; lastKnownFileType = folder.assetcatalog; path = Assets.xcassets; sourceTree = "<group>"; };
		134D200F1E20D9C900E205C3 /* Base */ = {isa = PBXFileReference; lastKnownFileType = file.storyboard; name = Base; path = Base.lproj/LaunchScreen.storyboard; sourceTree = "<group>"; };
		134D20111E20D9C900E205C3 /* Info.plist */ = {isa = PBXFileReference; lastKnownFileType = text.plist.xml; path = Info.plist; sourceTree = "<group>"; };
		13FF1B101E215A4100EA5BB2 /* MBTextFieldPicker.swift */ = {isa = PBXFileReference; fileEncoding = 4; lastKnownFileType = sourcecode.swift; path = MBTextFieldPicker.swift; sourceTree = "<group>"; };
/* End PBXFileReference section */

/* Begin PBXFrameworksBuildPhase section */
		134D1FFF1E20D9C800E205C3 /* Frameworks */ = {
			isa = PBXFrameworksBuildPhase;
			buildActionMask = 2147483647;
			files = (
			);
			runOnlyForDeploymentPostprocessing = 0;
		};
/* End PBXFrameworksBuildPhase section */

/* Begin PBXGroup section */
		134D1FF91E20D9C800E205C3 = {
			isa = PBXGroup;
			children = (
				134D20041E20D9C800E205C3 /* MBTextFieldPicker */,
				134D20031E20D9C800E205C3 /* Products */,
			);
			sourceTree = "<group>";
		};
		134D20031E20D9C800E205C3 /* Products */ = {
			isa = PBXGroup;
			children = (
				134D20021E20D9C800E205C3 /* MBTextFieldPicker.app */,
			);
			name = Products;
			sourceTree = "<group>";
		};
		134D20041E20D9C800E205C3 /* MBTextFieldPicker */ = {
			isa = PBXGroup;
			children = (
				13FF1B101E215A4100EA5BB2 /* MBTextFieldPicker.swift */,
				134D20051E20D9C800E205C3 /* AppDelegate.swift */,
				134D20071E20D9C800E205C3 /* ViewController.swift */,
				134D20091E20D9C800E205C3 /* Main.storyboard */,
				134D200C1E20D9C900E205C3 /* Assets.xcassets */,
				134D200E1E20D9C900E205C3 /* LaunchScreen.storyboard */,
				134D20111E20D9C900E205C3 /* Info.plist */,
			);
			path = MBTextFieldPicker;
			sourceTree = "<group>";
		};
/* End PBXGroup section */

/* Begin PBXNativeTarget section */
		134D20011E20D9C800E205C3 /* MBTextFieldPicker */ = {
			isa = PBXNativeTarget;
			buildConfigurationList = 134D20141E20D9C900E205C3 /* Build configuration list for PBXNativeTarget "MBTextFieldPicker" */;
			buildPhases = (
				134D1FFE1E20D9C800E205C3 /* Sources */,
				134D1FFF1E20D9C800E205C3 /* Frameworks */,
				134D20001E20D9C800E205C3 /* Resources */,
			);
			buildRules = (
			);
			dependencies = (
			);
			name = MBTextFieldPicker;
			productName = MBTextPicker;
			productReference = 134D20021E20D9C800E205C3 /* MBTextFieldPicker.app */;
			productType = "com.apple.product-type.application";
		};
/* End PBXNativeTarget section */

/* Begin PBXProject section */
		134D1FFA1E20D9C800E205C3 /* Project object */ = {
			isa = PBXProject;
			attributes = {
				LastSwiftUpdateCheck = 0810;
				LastUpgradeCheck = 0810;
				ORGANIZATIONNAME = "Manish Bhande";
				TargetAttributes = {
					134D20011E20D9C800E205C3 = {
						CreatedOnToolsVersion = 8.1;
						ProvisioningStyle = Automatic;
					};
				};
			};
			buildConfigurationList = 134D1FFD1E20D9C800E205C3 /* Build configuration list for PBXProject "MBTextFieldPicker" */;
			compatibilityVersion = "Xcode 3.2";
			developmentRegion = English;
			hasScannedForEncodings = 0;
			knownRegions = (
				en,
				Base,
			);
			mainGroup = 134D1FF91E20D9C800E205C3;
			productRefGroup = 134D20031E20D9C800E205C3 /* Products */;
			projectDirPath = "";
			projectRoot = "";
			targets = (
				134D20011E20D9C800E205C3 /* MBTextFieldPicker */,
			);
		};
/* End PBXProject section */

/* Begin PBXResourcesBuildPhase section */
		134D20001E20D9C800E205C3 /* Resources */ = {
			isa = PBXResourcesBuildPhase;
			buildActionMask = 2147483647;
			files = (
				134D20101E20D9C900E205C3 /* LaunchScreen.storyboard in Resources */,
				134D200D1E20D9C900E205C3 /* Assets.xcassets in Resources */,
				134D200B1E20D9C900E205C3 /* Main.storyboard in Resources */,
			);
			runOnlyForDeploymentPostprocessing = 0;
		};
/* End PBXResourcesBuildPhase section */

/* Begin PBXSourcesBuildPhase section */
		134D1FFE1E20D9C800E205C3 /* Sources */ = {
			isa = PBXSourcesBuildPhase;
			buildActionMask = 2147483647;
			files = (
				13FF1B111E215A4100EA5BB2 /* MBTextFieldPicker.swift in Sources */,
				134D20081E20D9C800E205C3 /* ViewController.swift in Sources */,
				134D20061E20D9C800E205C3 /* AppDelegate.swift in Sources */,
			);
			runOnlyForDeploymentPostprocessing = 0;
		};
/* End PBXSourcesBuildPhase section */

/* Begin PBXVariantGroup section */
		134D20091E20D9C800E205C3 /* Main.storyboard */ = {
			isa = PBXVariantGroup;
			children = (
				134D200A1E20D9C900E205C3 /* Base */,
			);
			name = Main.storyboard;
			sourceTree = "<group>";
		};
		134D200E1E20D9C900E205C3 /* LaunchScreen.storyboard */ = {
			isa = PBXVariantGroup;
			children = (
				134D200F1E20D9C900E205C3 /* Base */,
			);
			name = LaunchScreen.storyboard;
			sourceTree = "<group>";
		};
/* End PBXVariantGroup section */

/* Begin XCBuildConfiguration section */
		134D20121E20D9C900E205C3 /* Debug */ = {
			isa = XCBuildConfiguration;
			buildSettings = {
				ALWAYS_SEARCH_USER_PATHS = NO;
				CLANG_ANALYZER_NONNULL = YES;
				CLANG_CXX_LANGUAGE_STANDARD = "gnu++0x";
				CLANG_CXX_LIBRARY = "libc++";
				CLANG_ENABLE_MODULES = YES;
				CLANG_ENABLE_OBJC_ARC = YES;
				CLANG_WARN_BOOL_CONVERSION = YES;
				CLANG_WARN_CONSTANT_CONVERSION = YES;
				CLANG_WARN_DIRECT_OBJC_ISA_USAGE = YES_ERROR;
				CLANG_WARN_DOCUMENTATION_COMMENTS = YES;
				CLANG_WARN_EMPTY_BODY = YES;
				CLANG_WARN_ENUM_CONVERSION = YES;
				CLANG_WARN_INFINITE_RECURSION = YES;
				CLANG_WARN_INT_CONVERSION = YES;
				CLANG_WARN_OBJC_ROOT_CLASS = YES_ERROR;
				CLANG_WARN_SUSPICIOUS_MOVES = YES;
				CLANG_WARN_UNREACHABLE_CODE = YES;
				CLANG_WARN__DUPLICATE_METHOD_MATCH = YES;
				"CODE_SIGN_IDENTITY[sdk=iphoneos*]" = "iPhone Developer";
				COPY_PHASE_STRIP = NO;
				DEBUG_INFORMATION_FORMAT = dwarf;
				ENABLE_STRICT_OBJC_MSGSEND = YES;
				ENABLE_TESTABILITY = YES;
				GCC_C_LANGUAGE_STANDARD = gnu99;
				GCC_DYNAMIC_NO_PIC = NO;
				GCC_NO_COMMON_BLOCKS = YES;
				GCC_OPTIMIZATION_LEVEL = 0;
				GCC_PREPROCESSOR_DEFINITIONS = (
					"DEBUG=1",
					"$(inherited)",
				);
				GCC_WARN_64_TO_32_BIT_CONVERSION = YES;
				GCC_WARN_ABOUT_RETURN_TYPE = YES_ERROR;
				GCC_WARN_UNDECLARED_SELECTOR = YES;
				GCC_WARN_UNINITIALIZED_AUTOS = YES_AGGRESSIVE;
				GCC_WARN_UNUSED_FUNCTION = YES;
				GCC_WARN_UNUSED_VARIABLE = YES;
				IPHONEOS_DEPLOYMENT_TARGET = 10.1;
				MTL_ENABLE_DEBUG_INFO = YES;
				ONLY_ACTIVE_ARCH = YES;
				SDKROOT = iphoneos;
				SWIFT_ACTIVE_COMPILATION_CONDITIONS = DEBUG;
				SWIFT_OPTIMIZATION_LEVEL = "-Onone";
				TARGETED_DEVICE_FAMILY = "1,2";
			};
			name = Debug;
		};
		134D20131E20D9C900E205C3 /* Release */ = {
			isa = XCBuildConfiguration;
			buildSettings = {
				ALWAYS_SEARCH_USER_PATHS = NO;
				CLANG_ANALYZER_NONNULL = YES;
				CLANG_CXX_LANGUAGE_STANDARD = "gnu++0x";
				CLANG_CXX_LIBRARY = "libc++";
				CLANG_ENABLE_MODULES = YES;
				CLANG_ENABLE_OBJC_ARC = YES;
				CLANG_WARN_BOOL_CONVERSION = YES;
				CLANG_WARN_CONSTANT_CONVERSION = YES;
				CLANG_WARN_DIRECT_OBJC_ISA_USAGE = YES_ERROR;
				CLANG_WARN_DOCUMENTATION_COMMENTS = YES;
				CLANG_WARN_EMPTY_BODY = YES;
				CLANG_WARN_ENUM_CONVERSION = YES;
				CLANG_WARN_INFINITE_RECURSION = YES;
				CLANG_WARN_INT_CONVERSION = YES;
				CLANG_WARN_OBJC_ROOT_CLASS = YES_ERROR;
				CLANG_WARN_SUSPICIOUS_MOVES = YES;
				CLANG_WARN_UNREACHABLE_CODE = YES;
				CLANG_WARN__DUPLICATE_METHOD_MATCH = YES;
				"CODE_SIGN_IDENTITY[sdk=iphoneos*]" = "iPhone Developer";
				COPY_PHASE_STRIP = NO;
				DEBUG_INFORMATION_FORMAT = "dwarf-with-dsym";
				ENABLE_NS_ASSERTIONS = NO;
				ENABLE_STRICT_OBJC_MSGSEND = YES;
				GCC_C_LANGUAGE_STANDARD = gnu99;
				GCC_NO_COMMON_BLOCKS = YES;
				GCC_WARN_64_TO_32_BIT_CONVERSION = YES;
				GCC_WARN_ABOUT_RETURN_TYPE = YES_ERROR;
				GCC_WARN_UNDECLARED_SELECTOR = YES;
				GCC_WARN_UNINITIALIZED_AUTOS = YES_AGGRESSIVE;
				GCC_WARN_UNUSED_FUNCTION = YES;
				GCC_WARN_UNUSED_VARIABLE = YES;
				IPHONEOS_DEPLOYMENT_TARGET = 10.1;
				MTL_ENABLE_DEBUG_INFO = NO;
				SDKROOT = iphoneos;
				SWIFT_OPTIMIZATION_LEVEL = "-Owholemodule";
				TARGETED_DEVICE_FAMILY = "1,2";
				VALIDATE_PRODUCT = YES;
			};
			name = Release;
		};
		134D20151E20D9C900E205C3 /* Debug */ = {
			isa = XCBuildConfiguration;
			buildSettings = {
				ASSETCATALOG_COMPILER_APPICON_NAME = AppIcon;
				INFOPLIST_FILE = MBTextFieldPicker/Info.plist;
				LD_RUNPATH_SEARCH_PATHS = "$(inherited) @executable_path/Frameworks";
				PRODUCT_BUNDLE_IDENTIFIER = manish.MBTextFieldPicker;
				PRODUCT_NAME = "$(TARGET_NAME)";
				SWIFT_VERSION = 3.0;
			};
			name = Debug;
		};
		134D20161E20D9C900E205C3 /* Release */ = {
			isa = XCBuildConfiguration;
			buildSettings = {
				ASSETCATALOG_COMPILER_APPICON_NAME = AppIcon;
				INFOPLIST_FILE = MBTextFieldPicker/Info.plist;
				LD_RUNPATH_SEARCH_PATHS = "$(inherited) @executable_path/Frameworks";
				PRODUCT_BUNDLE_IDENTIFIER = manish.MBTextFieldPicker;
				PRODUCT_NAME = "$(TARGET_NAME)";
				SWIFT_VERSION = 3.0;
			};
			name = Release;
		};
/* End XCBuildConfiguration section */

/* Begin XCConfigurationList section */
		134D1FFD1E20D9C800E205C3 /* Build configuration list for PBXProject "MBTextFieldPicker" */ = {
			isa = XCConfigurationList;
			buildConfigurations = (
				134D20121E20D9C900E205C3 /* Debug */,
				134D20131E20D9C900E205C3 /* Release */,
			);
			defaultConfigurationIsVisible = 0;
			defaultConfigurationName = Release;
		};
		134D20141E20D9C900E205C3 /* Build configuration list for PBXNativeTarget "MBTextFieldPicker" */ = {
			isa = XCConfigurationList;
			buildConfigurations = (
				134D20151E20D9C900E205C3 /* Debug */,
				134D20161E20D9C900E205C3 /* Release */,
			);
			defaultConfigurationIsVisible = 0;
			defaultConfigurationName = Release;
		};
/* End XCConfigurationList section */
	};
	rootObject = 134D1FFA1E20D9C800E205C3 /* Project object */;
}
